
Microsoft Visual Studio Solution File, Format Version 12.00
# Visual Studio Version 16
VisualStudioVersion = 16.0.29806.167
MinimumVisualStudioVersion = 10.0.40219.1
Project("{FAE04EC0-301F-11D3-BF4B-00C04F79EFBC}") = "MQTT.Webserver.Subscriber", "..\MQTT.Webserver.Subscriber\MQTT.Webserver.Subscriber.csproj", "{3DF7C651-4491-4466-904F-2B2AC8BAFFBB}"
EndProject
Project("{9A19103F-16F7-4668-BE54-9A1E7A4F7556}") = "Core.Webserver", "Core.Webserver.csproj", "{653290BF-F0FE-4302-9613-D8F15BB441E7}"
EndProject
Project("{FAE04EC0-301F-11D3-BF4B-00C04F79EFBC}") = "Classes.Webserver", "..\Classes.Webserver\Classes.Webserver.csproj", "{F151A542-FA43-4E37-86FE-F11DA807F105}"
EndProject
Global
	GlobalSection(SolutionConfigurationPlatforms) = preSolution
		Debug|Any CPU = Debug|Any CPU
		Release|Any CPU = Release|Any CPU
	EndGlobalSection
	GlobalSection(ProjectConfigurationPlatforms) = postSolution
		{3DF7C651-4491-4466-904F-2B2AC8BAFFBB}.Debug|Any CPU.ActiveCfg = Debug|Any CPU
		{3DF7C651-4491-4466-904F-2B2AC8BAFFBB}.Debug|Any CPU.Build.0 = Debug|Any CPU
		{3DF7C651-4491-4466-904F-2B2AC8BAFFBB}.Release|Any CPU.ActiveCfg = Release|Any CPU
		{3DF7C651-4491-4466-904F-2B2AC8BAFFBB}.Release|Any CPU.Build.0 = Release|Any CPU
		{653290BF-F0FE-4302-9613-D8F15BB441E7}.Debug|Any CPU.ActiveCfg = Debug|Any CPU
		{653290BF-F0FE-4302-9613-D8F15BB441E7}.Debug|Any CPU.Build.0 = Debug|Any CPU
		{653290BF-F0FE-4302-9613-D8F15BB441E7}.Release|Any CPU.ActiveCfg = Release|Any CPU
		{653290BF-F0FE-4302-9613-D8F15BB441E7}.Release|Any CPU.Build.0 = Release|Any CPU
		{F151A542-FA43-4E37-86FE-F11DA807F105}.Debug|Any CPU.ActiveCfg = Debug|Any CPU
		{F151A542-FA43-4E37-86FE-F11DA807F105}.Debug|Any CPU.Build.0 = Debug|Any CPU
		{F151A542-FA43-4E37-86FE-F11DA807F105}.Release|Any CPU.ActiveCfg = Release|Any CPU
		{F151A542-FA43-4E37-86FE-F11DA807F105}.Release|Any CPU.Build.0 = Release|Any CPU
	EndGlobalSection
	GlobalSection(SolutionProperties) = preSolution
		HideSolutionNode = FALSE
	EndGlobalSection
	GlobalSection(ExtensibilityGlobals) = postSolution
		SolutionGuid = {B990DF09-C053-4E55-B332-BC8F0129F011}
	EndGlobalSection
EndGlobal
